{
  "name": "generated-theme",
  "version": "0.0.1",
  "lockfileVersion": 1,
  "requires": true,
  "dependencies": {
    "@types/node": {
      "version": "7.0.70",
      "resolved": "https://registry.npmjs.org/@types/node/-/node-7.0.70.tgz",
      "integrity": "sha512-bAcW/1aM8/s5iFKhRpu/YJiQf/b1ZwnMRqqsWRCmAqEDQF2zY8Ez3Iu9AcZKFKc3vCJc8KJVpJ6Pn54sJ1BvXQ==",
      "dev": true
    },
    "typescript": {
      "version": "2.9.2",
      "resolved": "https://registry.npmjs.org/typescript/-/typescript-2.9.2.tgz",
      "integrity": "sha512-Gr4p6nFNaoufRIY4NMdpQRNmgxVIGMs4Fcu/ujdYk3nAZqk7supzBE9idmvfZIlH/Cuj//dvi+019qEue9lV0w==",
      "dev": true
    },
    "vscode-theme-generator": {
      "version": "0.0.19",
      "resolved": "https://registry.npmjs.org/vscode-theme-generator/-/vscode-theme-generator-0.0.19.tgz",
      "integrity": "sha1-C0Rbm1b4zXx7eE8TCVaITu50h54=",
      "dev": true
    }
  }
}
